
Microsoft Visual Studio Solution File, Format Version 12.00
# Visual Studio 15
VisualStudioVersion = 15.0.26403.7
MinimumVisualStudioVersion = 10.0.40219.1
Project("{FAE04EC0-301F-11D3-BF4B-00C04F79EFBC}") = "Chat.Data", "Chat.Data\Chat.Data.csproj", "{FE1BB730-E95D-4B92-BD9E-C5F68E17B58F}"
EndProject
Project("{FAE04EC0-301F-11D3-BF4B-00C04F79EFBC}") = "Chat.DataModel.Pcl", "Chat.DataModel.Pcl\Chat.DataModel.Pcl.csproj", "{CC2A2C6C-DBDE-4596-8588-D8051F4B2CD0}"
EndProject
Project("{FAE04EC0-301F-11D3-BF4B-00C04F79EFBC}") = "Chat.Api", "Chat.Api\Chat.Api.csproj", "{4617168B-DAE6-4303-8703-1A535252585C}"
EndProject
Project("{FAE04EC0-301F-11D3-BF4B-00C04F79EFBC}") = "Chat.WebApp", "Chat.WebApp\Chat.WebApp.csproj", "{318B4B29-A3B6-4E23-8BAD-0107DBB3AE6B}"
EndProject
Project("{FAE04EC0-301F-11D3-BF4B-00C04F79EFBC}") = "Chat.MobileApp.Android", "Chat.MobileApp\Chat.MobileApp.Android\Chat.MobileApp.Android.csproj", "{D7E52A6C-6A63-49B3-9450-CFEC4720551A}"
EndProject
Project("{FAE04EC0-301F-11D3-BF4B-00C04F79EFBC}") = "Chat.MobileApp", "Chat.MobileApp\Chat.MobileApp\Chat.MobileApp.csproj", "{75E29E18-72D7-4157-843C-6FFDBD178C6B}"
EndProject
Project("{FAE04EC0-301F-11D3-BF4B-00C04F79EFBC}") = "Chat.MobileApp.iOS", "Chat.MobileApp\Chat.MobileApp.iOS\Chat.MobileApp.iOS.csproj", "{CF6DD1FB-9C37-4DFC-BBB2-C9579C9AB707}"
EndProject
Project("{2150E333-8FDC-42A3-9474-1A3956D46DE8}") = "Backend", "Backend", "{95A37DAA-2FC8-4B72-986E-20A166CAA19B}"
EndProject
Project("{2150E333-8FDC-42A3-9474-1A3956D46DE8}") = "Common", "Common", "{686CB20C-932C-4523-8289-6CE9136FAC5A}"
EndProject
Project("{2150E333-8FDC-42A3-9474-1A3956D46DE8}") = "Client", "Client", "{C2D2F780-313E-40CF-9E47-2E6205AB14F6}"
EndProject
Project("{FAE04EC0-301F-11D3-BF4B-00C04F79EFBC}") = "Chat.ApplicationService", "Chat.ApplicationService\Chat.ApplicationService.csproj", "{BAE20F56-30F3-4298-B807-6914D09B162D}"
EndProject
Global
	GlobalSection(SolutionConfigurationPlatforms) = preSolution
		Ad-Hoc|Any CPU = Ad-Hoc|Any CPU
		Ad-Hoc|iPhone = Ad-Hoc|iPhone
		Ad-Hoc|iPhoneSimulator = Ad-Hoc|iPhoneSimulator
		AppStore|Any CPU = AppStore|Any CPU
		AppStore|iPhone = AppStore|iPhone
		AppStore|iPhoneSimulator = AppStore|iPhoneSimulator
		Debug|Any CPU = Debug|Any CPU
		Debug|iPhone = Debug|iPhone
		Debug|iPhoneSimulator = Debug|iPhoneSimulator
		Release|Any CPU = Release|Any CPU
		Release|iPhone = Release|iPhone
		Release|iPhoneSimulator = Release|iPhoneSimulator
	EndGlobalSection
	GlobalSection(ProjectConfigurationPlatforms) = postSolution
		{FE1BB730-E95D-4B92-BD9E-C5F68E17B58F}.Ad-Hoc|Any CPU.ActiveCfg = Release|Any CPU
		{FE1BB730-E95D-4B92-BD9E-C5F68E17B58F}.Ad-Hoc|Any CPU.Build.0 = Release|Any CPU
		{FE1BB730-E95D-4B92-BD9E-C5F68E17B58F}.Ad-Hoc|iPhone.ActiveCfg = Release|Any CPU
		{FE1BB730-E95D-4B92-BD9E-C5F68E17B58F}.Ad-Hoc|iPhone.Build.0 = Release|Any CPU
		{FE1BB730-E95D-4B92-BD9E-C5F68E17B58F}.Ad-Hoc|iPhoneSimulator.ActiveCfg = Release|Any CPU
		{FE1BB730-E95D-4B92-BD9E-C5F68E17B58F}.Ad-Hoc|iPhoneSimulator.Build.0 = Release|Any CPU
		{FE1BB730-E95D-4B92-BD9E-C5F68E17B58F}.AppStore|Any CPU.ActiveCfg = Release|Any CPU
		{FE1BB730-E95D-4B92-BD9E-C5F68E17B58F}.AppStore|Any CPU.Build.0 = Release|Any CPU
		{FE1BB730-E95D-4B92-BD9E-C5F68E17B58F}.AppStore|iPhone.ActiveCfg = Release|Any CPU
		{FE1BB730-E95D-4B92-BD9E-C5F68E17B58F}.AppStore|iPhone.Build.0 = Release|Any CPU
		{FE1BB730-E95D-4B92-BD9E-C5F68E17B58F}.AppStore|iPhoneSimulator.ActiveCfg = Release|Any CPU
		{FE1BB730-E95D-4B92-BD9E-C5F68E17B58F}.AppStore|iPhoneSimulator.Build.0 = Release|Any CPU
		{FE1BB730-E95D-4B92-BD9E-C5F68E17B58F}.Debug|Any CPU.ActiveCfg = Debug|Any CPU
		{FE1BB730-E95D-4B92-BD9E-C5F68E17B58F}.Debug|Any CPU.Build.0 = Debug|Any CPU
		{FE1BB730-E95D-4B92-BD9E-C5F68E17B58F}.Debug|iPhone.ActiveCfg = Debug|Any CPU
		{FE1BB730-E95D-4B92-BD9E-C5F68E17B58F}.Debug|iPhone.Build.0 = Debug|Any CPU
		{FE1BB730-E95D-4B92-BD9E-C5F68E17B58F}.Debug|iPhoneSimulator.ActiveCfg = Debug|Any CPU
		{FE1BB730-E95D-4B92-BD9E-C5F68E17B58F}.Debug|iPhoneSimulator.Build.0 = Debug|Any CPU
		{FE1BB730-E95D-4B92-BD9E-C5F68E17B58F}.Release|Any CPU.ActiveCfg = Release|Any CPU
		{FE1BB730-E95D-4B92-BD9E-C5F68E17B58F}.Release|Any CPU.Build.0 = Release|Any CPU
		{FE1BB730-E95D-4B92-BD9E-C5F68E17B58F}.Release|iPhone.ActiveCfg = Release|Any CPU
		{FE1BB730-E95D-4B92-BD9E-C5F68E17B58F}.Release|iPhone.Build.0 = Release|Any CPU
		{FE1BB730-E95D-4B92-BD9E-C5F68E17B58F}.Release|iPhoneSimulator.ActiveCfg = Release|Any CPU
		{FE1BB730-E95D-4B92-BD9E-C5F68E17B58F}.Release|iPhoneSimulator.Build.0 = Release|Any CPU
		{CC2A2C6C-DBDE-4596-8588-D8051F4B2CD0}.Ad-Hoc|Any CPU.ActiveCfg = Release|Any CPU
		{CC2A2C6C-DBDE-4596-8588-D8051F4B2CD0}.Ad-Hoc|Any CPU.Build.0 = Release|Any CPU
		{CC2A2C6C-DBDE-4596-8588-D8051F4B2CD0}.Ad-Hoc|iPhone.ActiveCfg = Release|Any CPU
		{CC2A2C6C-DBDE-4596-8588-D8051F4B2CD0}.Ad-Hoc|iPhone.Build.0 = Release|Any CPU
		{CC2A2C6C-DBDE-4596-8588-D8051F4B2CD0}.Ad-Hoc|iPhoneSimulator.ActiveCfg = Release|Any CPU
		{CC2A2C6C-DBDE-4596-8588-D8051F4B2CD0}.Ad-Hoc|iPhoneSimulator.Build.0 = Release|Any CPU
		{CC2A2C6C-DBDE-4596-8588-D8051F4B2CD0}.AppStore|Any CPU.ActiveCfg = Release|Any CPU
		{CC2A2C6C-DBDE-4596-8588-D8051F4B2CD0}.AppStore|Any CPU.Build.0 = Release|Any CPU
		{CC2A2C6C-DBDE-4596-8588-D8051F4B2CD0}.AppStore|iPhone.ActiveCfg = Release|Any CPU
		{CC2A2C6C-DBDE-4596-8588-D8051F4B2CD0}.AppStore|iPhone.Build.0 = Release|Any CPU
		{CC2A2C6C-DBDE-4596-8588-D8051F4B2CD0}.AppStore|iPhoneSimulator.ActiveCfg = Release|Any CPU
		{CC2A2C6C-DBDE-4596-8588-D8051F4B2CD0}.AppStore|iPhoneSimulator.Build.0 = Release|Any CPU
		{CC2A2C6C-DBDE-4596-8588-D8051F4B2CD0}.Debug|Any CPU.ActiveCfg = Debug|Any CPU
		{CC2A2C6C-DBDE-4596-8588-D8051F4B2CD0}.Debug|Any CPU.Build.0 = Debug|Any CPU
		{CC2A2C6C-DBDE-4596-8588-D8051F4B2CD0}.Debug|iPhone.ActiveCfg = Debug|Any CPU
		{CC2A2C6C-DBDE-4596-8588-D8051F4B2CD0}.Debug|iPhone.Build.0 = Debug|Any CPU
		{CC2A2C6C-DBDE-4596-8588-D8051F4B2CD0}.Debug|iPhoneSimulator.ActiveCfg = Debug|Any CPU
		{CC2A2C6C-DBDE-4596-8588-D8051F4B2CD0}.Debug|iPhoneSimulator.Build.0 = Debug|Any CPU
		{CC2A2C6C-DBDE-4596-8588-D8051F4B2CD0}.Release|Any CPU.ActiveCfg = Release|Any CPU
		{CC2A2C6C-DBDE-4596-8588-D8051F4B2CD0}.Release|Any CPU.Build.0 = Release|Any CPU
		{CC2A2C6C-DBDE-4596-8588-D8051F4B2CD0}.Release|iPhone.ActiveCfg = Release|Any CPU
		{CC2A2C6C-DBDE-4596-8588-D8051F4B2CD0}.Release|iPhone.Build.0 = Release|Any CPU
		{CC2A2C6C-DBDE-4596-8588-D8051F4B2CD0}.Release|iPhoneSimulator.ActiveCfg = Release|Any CPU
		{CC2A2C6C-DBDE-4596-8588-D8051F4B2CD0}.Release|iPhoneSimulator.Build.0 = Release|Any CPU
		{4617168B-DAE6-4303-8703-1A535252585C}.Ad-Hoc|Any CPU.ActiveCfg = Release|Any CPU
		{4617168B-DAE6-4303-8703-1A535252585C}.Ad-Hoc|Any CPU.Build.0 = Release|Any CPU
		{4617168B-DAE6-4303-8703-1A535252585C}.Ad-Hoc|iPhone.ActiveCfg = Release|Any CPU
		{4617168B-DAE6-4303-8703-1A535252585C}.Ad-Hoc|iPhone.Build.0 = Release|Any CPU
		{4617168B-DAE6-4303-8703-1A535252585C}.Ad-Hoc|iPhoneSimulator.ActiveCfg = Release|Any CPU
		{4617168B-DAE6-4303-8703-1A535252585C}.Ad-Hoc|iPhoneSimulator.Build.0 = Release|Any CPU
		{4617168B-DAE6-4303-8703-1A535252585C}.AppStore|Any CPU.ActiveCfg = Release|Any CPU
		{4617168B-DAE6-4303-8703-1A535252585C}.AppStore|Any CPU.Build.0 = Release|Any CPU
		{4617168B-DAE6-4303-8703-1A535252585C}.AppStore|iPhone.ActiveCfg = Release|Any CPU
		{4617168B-DAE6-4303-8703-1A535252585C}.AppStore|iPhone.Build.0 = Release|Any CPU
		{4617168B-DAE6-4303-8703-1A535252585C}.AppStore|iPhoneSimulator.ActiveCfg = Release|Any CPU
		{4617168B-DAE6-4303-8703-1A535252585C}.AppStore|iPhoneSimulator.Build.0 = Release|Any CPU
		{4617168B-DAE6-4303-8703-1A535252585C}.Debug|Any CPU.ActiveCfg = Debug|Any CPU
		{4617168B-DAE6-4303-8703-1A535252585C}.Debug|Any CPU.Build.0 = Debug|Any CPU
		{4617168B-DAE6-4303-8703-1A535252585C}.Debug|iPhone.ActiveCfg = Debug|Any CPU
		{4617168B-DAE6-4303-8703-1A535252585C}.Debug|iPhone.Build.0 = Debug|Any CPU
		{4617168B-DAE6-4303-8703-1A535252585C}.Debug|iPhoneSimulator.ActiveCfg = Debug|Any CPU
		{4617168B-DAE6-4303-8703-1A535252585C}.Debug|iPhoneSimulator.Build.0 = Debug|Any CPU
		{4617168B-DAE6-4303-8703-1A535252585C}.Release|Any CPU.ActiveCfg = Release|Any CPU
		{4617168B-DAE6-4303-8703-1A535252585C}.Release|Any CPU.Build.0 = Release|Any CPU
		{4617168B-DAE6-4303-8703-1A535252585C}.Release|iPhone.ActiveCfg = Release|Any CPU
		{4617168B-DAE6-4303-8703-1A535252585C}.Release|iPhone.Build.0 = Release|Any CPU
		{4617168B-DAE6-4303-8703-1A535252585C}.Release|iPhoneSimulator.ActiveCfg = Release|Any CPU
		{4617168B-DAE6-4303-8703-1A535252585C}.Release|iPhoneSimulator.Build.0 = Release|Any CPU
		{318B4B29-A3B6-4E23-8BAD-0107DBB3AE6B}.Ad-Hoc|Any CPU.ActiveCfg = Release|Any CPU
		{318B4B29-A3B6-4E23-8BAD-0107DBB3AE6B}.Ad-Hoc|Any CPU.Build.0 = Release|Any CPU
		{318B4B29-A3B6-4E23-8BAD-0107DBB3AE6B}.Ad-Hoc|iPhone.ActiveCfg = Release|Any CPU
		{318B4B29-A3B6-4E23-8BAD-0107DBB3AE6B}.Ad-Hoc|iPhone.Build.0 = Release|Any CPU
		{318B4B29-A3B6-4E23-8BAD-0107DBB3AE6B}.Ad-Hoc|iPhoneSimulator.ActiveCfg = Release|Any CPU
		{318B4B29-A3B6-4E23-8BAD-0107DBB3AE6B}.Ad-Hoc|iPhoneSimulator.Build.0 = Release|Any CPU
		{318B4B29-A3B6-4E23-8BAD-0107DBB3AE6B}.AppStore|Any CPU.ActiveCfg = Release|Any CPU
		{318B4B29-A3B6-4E23-8BAD-0107DBB3AE6B}.AppStore|Any CPU.Build.0 = Release|Any CPU
		{318B4B29-A3B6-4E23-8BAD-0107DBB3AE6B}.AppStore|iPhone.ActiveCfg = Release|Any CPU
		{318B4B29-A3B6-4E23-8BAD-0107DBB3AE6B}.AppStore|iPhone.Build.0 = Release|Any CPU
		{318B4B29-A3B6-4E23-8BAD-0107DBB3AE6B}.AppStore|iPhoneSimulator.ActiveCfg = Release|Any CPU
		{318B4B29-A3B6-4E23-8BAD-0107DBB3AE6B}.AppStore|iPhoneSimulator.Build.0 = Release|Any CPU
		{318B4B29-A3B6-4E23-8BAD-0107DBB3AE6B}.Debug|Any CPU.ActiveCfg = Debug|Any CPU
		{318B4B29-A3B6-4E23-8BAD-0107DBB3AE6B}.Debug|Any CPU.Build.0 = Debug|Any CPU
		{318B4B29-A3B6-4E23-8BAD-0107DBB3AE6B}.Debug|iPhone.ActiveCfg = Debug|Any CPU
		{318B4B29-A3B6-4E23-8BAD-0107DBB3AE6B}.Debug|iPhone.Build.0 = Debug|Any CPU
		{318B4B29-A3B6-4E23-8BAD-0107DBB3AE6B}.Debug|iPhoneSimulator.ActiveCfg = Debug|Any CPU
		{318B4B29-A3B6-4E23-8BAD-0107DBB3AE6B}.Debug|iPhoneSimulator.Build.0 = Debug|Any CPU
		{318B4B29-A3B6-4E23-8BAD-0107DBB3AE6B}.Release|Any CPU.ActiveCfg = Release|Any CPU
		{318B4B29-A3B6-4E23-8BAD-0107DBB3AE6B}.Release|Any CPU.Build.0 = Release|Any CPU
		{318B4B29-A3B6-4E23-8BAD-0107DBB3AE6B}.Release|iPhone.ActiveCfg = Release|Any CPU
		{318B4B29-A3B6-4E23-8BAD-0107DBB3AE6B}.Release|iPhone.Build.0 = Release|Any CPU
		{318B4B29-A3B6-4E23-8BAD-0107DBB3AE6B}.Release|iPhoneSimulator.ActiveCfg = Release|Any CPU
		{318B4B29-A3B6-4E23-8BAD-0107DBB3AE6B}.Release|iPhoneSimulator.Build.0 = Release|Any CPU
		{D7E52A6C-6A63-49B3-9450-CFEC4720551A}.Ad-Hoc|Any CPU.ActiveCfg = Release|Any CPU
		{D7E52A6C-6A63-49B3-9450-CFEC4720551A}.Ad-Hoc|Any CPU.Build.0 = Release|Any CPU
		{D7E52A6C-6A63-49B3-9450-CFEC4720551A}.Ad-Hoc|Any CPU.Deploy.0 = Release|Any CPU
		{D7E52A6C-6A63-49B3-9450-CFEC4720551A}.Ad-Hoc|iPhone.ActiveCfg = Release|Any CPU
		{D7E52A6C-6A63-49B3-9450-CFEC4720551A}.Ad-Hoc|iPhone.Build.0 = Release|Any CPU
		{D7E52A6C-6A63-49B3-9450-CFEC4720551A}.Ad-Hoc|iPhone.Deploy.0 = Release|Any CPU
		{D7E52A6C-6A63-49B3-9450-CFEC4720551A}.Ad-Hoc|iPhoneSimulator.ActiveCfg = Release|Any CPU
		{D7E52A6C-6A63-49B3-9450-CFEC4720551A}.Ad-Hoc|iPhoneSimulator.Build.0 = Release|Any CPU
		{D7E52A6C-6A63-49B3-9450-CFEC4720551A}.Ad-Hoc|iPhoneSimulator.Deploy.0 = Release|Any CPU
		{D7E52A6C-6A63-49B3-9450-CFEC4720551A}.AppStore|Any CPU.ActiveCfg = Release|Any CPU
		{D7E52A6C-6A63-49B3-9450-CFEC4720551A}.AppStore|Any CPU.Build.0 = Release|Any CPU
		{D7E52A6C-6A63-49B3-9450-CFEC4720551A}.AppStore|Any CPU.Deploy.0 = Release|Any CPU
		{D7E52A6C-6A63-49B3-9450-CFEC4720551A}.AppStore|iPhone.ActiveCfg = Release|Any CPU
		{D7E52A6C-6A63-49B3-9450-CFEC4720551A}.AppStore|iPhone.Build.0 = Release|Any CPU
		{D7E52A6C-6A63-49B3-9450-CFEC4720551A}.AppStore|iPhone.Deploy.0 = Release|Any CPU
		{D7E52A6C-6A63-49B3-9450-CFEC4720551A}.AppStore|iPhoneSimulator.ActiveCfg = Release|Any CPU
		{D7E52A6C-6A63-49B3-9450-CFEC4720551A}.AppStore|iPhoneSimulator.Build.0 = Release|Any CPU
		{D7E52A6C-6A63-49B3-9450-CFEC4720551A}.AppStore|iPhoneSimulator.Deploy.0 = Release|Any CPU
		{D7E52A6C-6A63-49B3-9450-CFEC4720551A}.Debug|Any CPU.ActiveCfg = Debug|Any CPU
		{D7E52A6C-6A63-49B3-9450-CFEC4720551A}.Debug|Any CPU.Build.0 = Debug|Any CPU
		{D7E52A6C-6A63-49B3-9450-CFEC4720551A}.Debug|Any CPU.Deploy.0 = Debug|Any CPU
		{D7E52A6C-6A63-49B3-9450-CFEC4720551A}.Debug|iPhone.ActiveCfg = Debug|Any CPU
		{D7E52A6C-6A63-49B3-9450-CFEC4720551A}.Debug|iPhone.Build.0 = Debug|Any CPU
		{D7E52A6C-6A63-49B3-9450-CFEC4720551A}.Debug|iPhone.Deploy.0 = Debug|Any CPU
		{D7E52A6C-6A63-49B3-9450-CFEC4720551A}.Debug|iPhoneSimulator.ActiveCfg = Debug|Any CPU
		{D7E52A6C-6A63-49B3-9450-CFEC4720551A}.Debug|iPhoneSimulator.Build.0 = Debug|Any CPU
		{D7E52A6C-6A63-49B3-9450-CFEC4720551A}.Debug|iPhoneSimulator.Deploy.0 = Debug|Any CPU
		{D7E52A6C-6A63-49B3-9450-CFEC4720551A}.Release|Any CPU.ActiveCfg = Release|Any CPU
		{D7E52A6C-6A63-49B3-9450-CFEC4720551A}.Release|Any CPU.Build.0 = Release|Any CPU
		{D7E52A6C-6A63-49B3-9450-CFEC4720551A}.Release|Any CPU.Deploy.0 = Release|Any CPU
		{D7E52A6C-6A63-49B3-9450-CFEC4720551A}.Release|iPhone.ActiveCfg = Release|Any CPU
		{D7E52A6C-6A63-49B3-9450-CFEC4720551A}.Release|iPhone.Build.0 = Release|Any CPU
		{D7E52A6C-6A63-49B3-9450-CFEC4720551A}.Release|iPhone.Deploy.0 = Release|Any CPU
		{D7E52A6C-6A63-49B3-9450-CFEC4720551A}.Release|iPhoneSimulator.ActiveCfg = Release|Any CPU
		{D7E52A6C-6A63-49B3-9450-CFEC4720551A}.Release|iPhoneSimulator.Build.0 = Release|Any CPU
		{D7E52A6C-6A63-49B3-9450-CFEC4720551A}.Release|iPhoneSimulator.Deploy.0 = Release|Any CPU
		{75E29E18-72D7-4157-843C-6FFDBD178C6B}.Ad-Hoc|Any CPU.ActiveCfg = Release|Any CPU
		{75E29E18-72D7-4157-843C-6FFDBD178C6B}.Ad-Hoc|Any CPU.Build.0 = Release|Any CPU
		{75E29E18-72D7-4157-843C-6FFDBD178C6B}.Ad-Hoc|iPhone.ActiveCfg = Release|Any CPU
		{75E29E18-72D7-4157-843C-6FFDBD178C6B}.Ad-Hoc|iPhone.Build.0 = Release|Any CPU
		{75E29E18-72D7-4157-843C-6FFDBD178C6B}.Ad-Hoc|iPhoneSimulator.ActiveCfg = Release|Any CPU
		{75E29E18-72D7-4157-843C-6FFDBD178C6B}.Ad-Hoc|iPhoneSimulator.Build.0 = Release|Any CPU
		{75E29E18-72D7-4157-843C-6FFDBD178C6B}.AppStore|Any CPU.ActiveCfg = Release|Any CPU
		{75E29E18-72D7-4157-843C-6FFDBD178C6B}.AppStore|Any CPU.Build.0 = Release|Any CPU
		{75E29E18-72D7-4157-843C-6FFDBD178C6B}.AppStore|iPhone.ActiveCfg = Release|Any CPU
		{75E29E18-72D7-4157-843C-6FFDBD178C6B}.AppStore|iPhone.Build.0 = Release|Any CPU
		{75E29E18-72D7-4157-843C-6FFDBD178C6B}.AppStore|iPhoneSimulator.ActiveCfg = Release|Any CPU
		{75E29E18-72D7-4157-843C-6FFDBD178C6B}.AppStore|iPhoneSimulator.Build.0 = Release|Any CPU
		{75E29E18-72D7-4157-843C-6FFDBD178C6B}.Debug|Any CPU.ActiveCfg = Debug|Any CPU
		{75E29E18-72D7-4157-843C-6FFDBD178C6B}.Debug|Any CPU.Build.0 = Debug|Any CPU
		{75E29E18-72D7-4157-843C-6FFDBD178C6B}.Debug|iPhone.ActiveCfg = Debug|Any CPU
		{75E29E18-72D7-4157-843C-6FFDBD178C6B}.Debug|iPhone.Build.0 = Debug|Any CPU
		{75E29E18-72D7-4157-843C-6FFDBD178C6B}.Debug|iPhoneSimulator.ActiveCfg = Debug|Any CPU
		{75E29E18-72D7-4157-843C-6FFDBD178C6B}.Debug|iPhoneSimulator.Build.0 = Debug|Any CPU
		{75E29E18-72D7-4157-843C-6FFDBD178C6B}.Release|Any CPU.ActiveCfg = Release|Any CPU
		{75E29E18-72D7-4157-843C-6FFDBD178C6B}.Release|Any CPU.Build.0 = Release|Any CPU
		{75E29E18-72D7-4157-843C-6FFDBD178C6B}.Release|iPhone.ActiveCfg = Release|Any CPU
		{75E29E18-72D7-4157-843C-6FFDBD178C6B}.Release|iPhone.Build.0 = Release|Any CPU
		{75E29E18-72D7-4157-843C-6FFDBD178C6B}.Release|iPhoneSimulator.ActiveCfg = Release|Any CPU
		{75E29E18-72D7-4157-843C-6FFDBD178C6B}.Release|iPhoneSimulator.Build.0 = Release|Any CPU
		{CF6DD1FB-9C37-4DFC-BBB2-C9579C9AB707}.Ad-Hoc|Any CPU.ActiveCfg = Ad-Hoc|iPhone
		{CF6DD1FB-9C37-4DFC-BBB2-C9579C9AB707}.Ad-Hoc|iPhone.ActiveCfg = Ad-Hoc|iPhone
		{CF6DD1FB-9C37-4DFC-BBB2-C9579C9AB707}.Ad-Hoc|iPhone.Build.0 = Ad-Hoc|iPhone
		{CF6DD1FB-9C37-4DFC-BBB2-C9579C9AB707}.Ad-Hoc|iPhoneSimulator.ActiveCfg = Ad-Hoc|iPhoneSimulator
		{CF6DD1FB-9C37-4DFC-BBB2-C9579C9AB707}.Ad-Hoc|iPhoneSimulator.Build.0 = Ad-Hoc|iPhoneSimulator
		{CF6DD1FB-9C37-4DFC-BBB2-C9579C9AB707}.AppStore|Any CPU.ActiveCfg = AppStore|iPhone
		{CF6DD1FB-9C37-4DFC-BBB2-C9579C9AB707}.AppStore|iPhone.ActiveCfg = AppStore|iPhone
		{CF6DD1FB-9C37-4DFC-BBB2-C9579C9AB707}.AppStore|iPhone.Build.0 = AppStore|iPhone
		{CF6DD1FB-9C37-4DFC-BBB2-C9579C9AB707}.AppStore|iPhoneSimulator.ActiveCfg = AppStore|iPhoneSimulator
		{CF6DD1FB-9C37-4DFC-BBB2-C9579C9AB707}.AppStore|iPhoneSimulator.Build.0 = AppStore|iPhoneSimulator
		{CF6DD1FB-9C37-4DFC-BBB2-C9579C9AB707}.Debug|Any CPU.ActiveCfg = Debug|iPhone
		{CF6DD1FB-9C37-4DFC-BBB2-C9579C9AB707}.Debug|iPhone.ActiveCfg = Debug|iPhone
		{CF6DD1FB-9C37-4DFC-BBB2-C9579C9AB707}.Debug|iPhone.Build.0 = Debug|iPhone
		{CF6DD1FB-9C37-4DFC-BBB2-C9579C9AB707}.Debug|iPhoneSimulator.ActiveCfg = Debug|iPhoneSimulator
		{CF6DD1FB-9C37-4DFC-BBB2-C9579C9AB707}.Debug|iPhoneSimulator.Build.0 = Debug|iPhoneSimulator
		{CF6DD1FB-9C37-4DFC-BBB2-C9579C9AB707}.Release|Any CPU.ActiveCfg = Release|iPhone
		{CF6DD1FB-9C37-4DFC-BBB2-C9579C9AB707}.Release|iPhone.ActiveCfg = Release|iPhone
		{CF6DD1FB-9C37-4DFC-BBB2-C9579C9AB707}.Release|iPhone.Build.0 = Release|iPhone
		{CF6DD1FB-9C37-4DFC-BBB2-C9579C9AB707}.Release|iPhoneSimulator.ActiveCfg = Release|iPhoneSimulator
		{CF6DD1FB-9C37-4DFC-BBB2-C9579C9AB707}.Release|iPhoneSimulator.Build.0 = Release|iPhoneSimulator
		{BAE20F56-30F3-4298-B807-6914D09B162D}.Ad-Hoc|Any CPU.ActiveCfg = Release|Any CPU
		{BAE20F56-30F3-4298-B807-6914D09B162D}.Ad-Hoc|Any CPU.Build.0 = Release|Any CPU
		{BAE20F56-30F3-4298-B807-6914D09B162D}.Ad-Hoc|iPhone.ActiveCfg = Release|Any CPU
		{BAE20F56-30F3-4298-B807-6914D09B162D}.Ad-Hoc|iPhone.Build.0 = Release|Any CPU
		{BAE20F56-30F3-4298-B807-6914D09B162D}.Ad-Hoc|iPhoneSimulator.ActiveCfg = Release|Any CPU
		{BAE20F56-30F3-4298-B807-6914D09B162D}.Ad-Hoc|iPhoneSimulator.Build.0 = Release|Any CPU
		{BAE20F56-30F3-4298-B807-6914D09B162D}.AppStore|Any CPU.ActiveCfg = Release|Any CPU
		{BAE20F56-30F3-4298-B807-6914D09B162D}.AppStore|Any CPU.Build.0 = Release|Any CPU
		{BAE20F56-30F3-4298-B807-6914D09B162D}.AppStore|iPhone.ActiveCfg = Release|Any CPU
		{BAE20F56-30F3-4298-B807-6914D09B162D}.AppStore|iPhone.Build.0 = Release|Any CPU
		{BAE20F56-30F3-4298-B807-6914D09B162D}.AppStore|iPhoneSimulator.ActiveCfg = Release|Any CPU
		{BAE20F56-30F3-4298-B807-6914D09B162D}.AppStore|iPhoneSimulator.Build.0 = Release|Any CPU
		{BAE20F56-30F3-4298-B807-6914D09B162D}.Debug|Any CPU.ActiveCfg = Debug|Any CPU
		{BAE20F56-30F3-4298-B807-6914D09B162D}.Debug|Any CPU.Build.0 = Debug|Any CPU
		{BAE20F56-30F3-4298-B807-6914D09B162D}.Debug|iPhone.ActiveCfg = Debug|Any CPU
		{BAE20F56-30F3-4298-B807-6914D09B162D}.Debug|iPhone.Build.0 = Debug|Any CPU
		{BAE20F56-30F3-4298-B807-6914D09B162D}.Debug|iPhoneSimulator.ActiveCfg = Debug|Any CPU
		{BAE20F56-30F3-4298-B807-6914D09B162D}.Debug|iPhoneSimulator.Build.0 = Debug|Any CPU
		{BAE20F56-30F3-4298-B807-6914D09B162D}.Release|Any CPU.ActiveCfg = Release|Any CPU
		{BAE20F56-30F3-4298-B807-6914D09B162D}.Release|Any CPU.Build.0 = Release|Any CPU
		{BAE20F56-30F3-4298-B807-6914D09B162D}.Release|iPhone.ActiveCfg = Release|Any CPU
		{BAE20F56-30F3-4298-B807-6914D09B162D}.Release|iPhone.Build.0 = Release|Any CPU
		{BAE20F56-30F3-4298-B807-6914D09B162D}.Release|iPhoneSimulator.ActiveCfg = Release|Any CPU
		{BAE20F56-30F3-4298-B807-6914D09B162D}.Release|iPhoneSimulator.Build.0 = Release|Any CPU
	EndGlobalSection
	GlobalSection(SolutionProperties) = preSolution
		HideSolutionNode = FALSE
	EndGlobalSection
	GlobalSection(NestedProjects) = preSolution
		{FE1BB730-E95D-4B92-BD9E-C5F68E17B58F} = {95A37DAA-2FC8-4B72-986E-20A166CAA19B}
		{CC2A2C6C-DBDE-4596-8588-D8051F4B2CD0} = {686CB20C-932C-4523-8289-6CE9136FAC5A}
		{4617168B-DAE6-4303-8703-1A535252585C} = {95A37DAA-2FC8-4B72-986E-20A166CAA19B}
		{318B4B29-A3B6-4E23-8BAD-0107DBB3AE6B} = {C2D2F780-313E-40CF-9E47-2E6205AB14F6}
		{D7E52A6C-6A63-49B3-9450-CFEC4720551A} = {C2D2F780-313E-40CF-9E47-2E6205AB14F6}
		{75E29E18-72D7-4157-843C-6FFDBD178C6B} = {C2D2F780-313E-40CF-9E47-2E6205AB14F6}
		{CF6DD1FB-9C37-4DFC-BBB2-C9579C9AB707} = {C2D2F780-313E-40CF-9E47-2E6205AB14F6}
		{BAE20F56-30F3-4298-B807-6914D09B162D} = {686CB20C-932C-4523-8289-6CE9136FAC5A}
	EndGlobalSection
EndGlobal
